
Microsoft Visual Studio Solution File, Format Version 12.00
# Visual Studio Version 17
VisualStudioVersion = 17.8.34525.116
MinimumVisualStudioVersion = 10.0.40219.1
Project("{8BC9CEB8-8B4A-11D0-8D11-00A0C91BC942}") = "l4n1", "l4n1\l4n1.vcxproj", "{92881F40-DE32-46DF-8B09-DAEA9810A8C9}"
EndProject
Project("{8BC9CEB8-8B4A-11D0-8D11-00A0C91BC942}") = "l4n1.2", "l4n1.2\l4n1.2.vcxproj", "{F49AE404-2066-4BEC-A4E4-F4464AD3AF76}"
EndProject
Project("{8BC9CEB8-8B4A-11D0-8D11-00A0C91BC942}") = "k4n1.3", "k4n1.3\k4n1.3.vcxproj", "{673E848B-F623-4678-9557-70A64CCCF332}"
EndProject
Project("{8BC9CEB8-8B4A-11D0-8D11-00A0C91BC942}") = "l4n1.4", "l4n1.4\l4n1.4.vcxproj", "{F7506965-CC94-41EE-BB1F-CDA6B08BD89F}"
EndProject
Project("{8BC9CEB8-8B4A-11D0-8D11-00A0C91BC942}") = "n4l2", "n4l2\n4l2.vcxproj", "{E47C4772-CB9B-4504-872C-A7EF05461FD1}"
EndProject
Project("{8BC9CEB8-8B4A-11D0-8D11-00A0C91BC942}") = "l4n3", "l4n3\l4n3.vcxproj", "{E87E509C-629D-46B7-8D4B-9B7A6C891644}"
EndProject
Project("{8BC9CEB8-8B4A-11D0-8D11-00A0C91BC942}") = "l4n4", "l4n4\l4n4.vcxproj", "{74E9E73D-809A-4A68-8878-0CEE9F4E9757}"
EndProject
Project("{8BC9CEB8-8B4A-11D0-8D11-00A0C91BC942}") = "l4n5", "l4n5\l4n5.vcxproj", "{549B69C9-0CA7-4885-A21F-542715C1131B}"
EndProject
Project("{8BC9CEB8-8B4A-11D0-8D11-00A0C91BC942}") = "l5n1", "l5n1\l5n1.vcxproj", "{E03EB2F6-19CB-4236-BFF4-A87798E2AF8C}"
EndProject
Project("{8BC9CEB8-8B4A-11D0-8D11-00A0C91BC942}") = "l5n2", "l5n2\l5n2.vcxproj", "{1398AB25-DEDD-4653-BC73-B609338DCD5C}"
EndProject
Project("{8BC9CEB8-8B4A-11D0-8D11-00A0C91BC942}") = "l5n3", "l5n3\l5n3.vcxproj", "{71AA24F3-21AB-469D-BBB8-275BA7AEDF43}"
EndProject
Project("{8BC9CEB8-8B4A-11D0-8D11-00A0C91BC942}") = "l5n4", "l5n4\l5n4.vcxproj", "{31AB2C0C-C00D-42AC-AC15-422AD91AB407}"
EndProject
Project("{8BC9CEB8-8B4A-11D0-8D11-00A0C91BC942}") = "l5n5", "l5n5\l5n5.vcxproj", "{A86E323C-C0AF-4ED8-B383-1E07E66173FF}"
EndProject
Project("{8BC9CEB8-8B4A-11D0-8D11-00A0C91BC942}") = "l5n6", "l5n6\l5n6.vcxproj", "{6954AA6B-3D0C-4674-B2E9-5DF6EA807310}"
EndProject
Project("{8BC9CEB8-8B4A-11D0-8D11-00A0C91BC942}") = "n6l1", "n6l1\n6l1.vcxproj", "{DAAF3E59-4EE6-479F-B914-CEAE4178563D}"
EndProject
Project("{8BC9CEB8-8B4A-11D0-8D11-00A0C91BC942}") = "n6l2", "l2\l2.vcxproj", "{57146C43-B585-45E5-B38D-1920F9740D60}"
EndProject
Project("{8BC9CEB8-8B4A-11D0-8D11-00A0C91BC942}") = "n6l3", "n6l3\n6l3.vcxproj", "{BDD4508C-7EBF-43E3-B4C4-D54B3A2C52E9}"
EndProject
Project("{8BC9CEB8-8B4A-11D0-8D11-00A0C91BC942}") = "l7n1", "n7l1\n7l1.vcxproj", "{E28FD8C7-6928-44CF-B70E-A24F02B2E294}"
EndProject
Project("{8BC9CEB8-8B4A-11D0-8D11-00A0C91BC942}") = "l7n2", "l7n2\l7n2.vcxproj", "{06BF2CE2-97BD-498B-86A0-3D1F098A52E4}"
EndProject
Project("{8BC9CEB8-8B4A-11D0-8D11-00A0C91BC942}") = "l8n1", "l8n1\l8n1.vcxproj", "{E0637841-1D1C-4CF4-B0D9-33C0AF94F3B3}"
EndProject
Project("{8BC9CEB8-8B4A-11D0-8D11-00A0C91BC942}") = "l8n2", "l8n2\l8n2.vcxproj", "{1A04080E-5894-48D7-AB5F-51A0D4FBB285}"
EndProject
Project("{8BC9CEB8-8B4A-11D0-8D11-00A0C91BC942}") = "l8n2.2", "l8n1.2\l8n1.2.vcxproj", "{5FC07109-44BC-4C3D-B2A2-5E9C03D27759}"
EndProject
Project("{8BC9CEB8-8B4A-11D0-8D11-00A0C91BC942}") = "l8n2.3", "l8n2.3\l8n2.3.vcxproj", "{CDEC4D43-DF5E-4A82-BD07-D9F1ABABCD47}"
EndProject
Project("{8BC9CEB8-8B4A-11D0-8D11-00A0C91BC942}") = "l8n3", "l8n3\l8n3.vcxproj", "{FC3F42EA-3DA4-4DD4-99CF-73E4F39B95C4}"
EndProject
Project("{8BC9CEB8-8B4A-11D0-8D11-00A0C91BC942}") = "l8n4", "l8n4\l8n4.vcxproj", "{D247D880-3336-4E05-9789-BDEB081E396E}"
EndProject
Project("{8BC9CEB8-8B4A-11D0-8D11-00A0C91BC942}") = "l9n1", "l9n1\l9n1.vcxproj", "{8ADDC397-5DDC-458F-A309-0FF666C68E65}"
EndProject
Project("{8BC9CEB8-8B4A-11D0-8D11-00A0C91BC942}") = "l9n2", "l9n2\l9n2.vcxproj", "{F683196E-39C2-4269-8789-358D9AD8E1BC}"
EndProject
Project("{8BC9CEB8-8B4A-11D0-8D11-00A0C91BC942}") = "l9n2.3", "l9n1.3\l9n1.3.vcxproj", "{CE9D3B36-B3EE-4CB8-ABAD-96F96E0C1902}"
EndProject
Project("{8BC9CEB8-8B4A-11D0-8D11-00A0C91BC942}") = "l9n3", "l9n3\l9n3.vcxproj", "{DFBFDC19-CA16-4163-B92C-DC9927BBA8CD}"
EndProject
Project("{8BC9CEB8-8B4A-11D0-8D11-00A0C91BC942}") = "l10n1", "l10n1\l10n1.vcxproj", "{A57A328E-2C52-4363-BB16-54D474348654}"
EndProject
Global
	GlobalSection(SolutionConfigurationPlatforms) = preSolution
		Debug|x64 = Debug|x64
		Debug|x86 = Debug|x86
		Release|x64 = Release|x64
		Release|x86 = Release|x86
	EndGlobalSection
	GlobalSection(ProjectConfigurationPlatforms) = postSolution
		{92881F40-DE32-46DF-8B09-DAEA9810A8C9}.Debug|x64.ActiveCfg = Debug|x64
		{92881F40-DE32-46DF-8B09-DAEA9810A8C9}.Debug|x64.Build.0 = Debug|x64
		{92881F40-DE32-46DF-8B09-DAEA9810A8C9}.Debug|x86.ActiveCfg = Debug|Win32
		{92881F40-DE32-46DF-8B09-DAEA9810A8C9}.Debug|x86.Build.0 = Debug|Win32
		{92881F40-DE32-46DF-8B09-DAEA9810A8C9}.Release|x64.ActiveCfg = Release|x64
		{92881F40-DE32-46DF-8B09-DAEA9810A8C9}.Release|x64.Build.0 = Release|x64
		{92881F40-DE32-46DF-8B09-DAEA9810A8C9}.Release|x86.ActiveCfg = Release|Win32
		{92881F40-DE32-46DF-8B09-DAEA9810A8C9}.Release|x86.Build.0 = Release|Win32
		{F49AE404-2066-4BEC-A4E4-F4464AD3AF76}.Debug|x64.ActiveCfg = Debug|x64
		{F49AE404-2066-4BEC-A4E4-F4464AD3AF76}.Debug|x64.Build.0 = Debug|x64
		{F49AE404-2066-4BEC-A4E4-F4464AD3AF76}.Debug|x86.ActiveCfg = Debug|Win32
		{F49AE404-2066-4BEC-A4E4-F4464AD3AF76}.Debug|x86.Build.0 = Debug|Win32
		{F49AE404-2066-4BEC-A4E4-F4464AD3AF76}.Release|x64.ActiveCfg = Release|x64
		{F49AE404-2066-4BEC-A4E4-F4464AD3AF76}.Release|x64.Build.0 = Release|x64
		{F49AE404-2066-4BEC-A4E4-F4464AD3AF76}.Release|x86.ActiveCfg = Release|Win32
		{F49AE404-2066-4BEC-A4E4-F4464AD3AF76}.Release|x86.Build.0 = Release|Win32
		{673E848B-F623-4678-9557-70A64CCCF332}.Debug|x64.ActiveCfg = Debug|x64
		{673E848B-F623-4678-9557-70A64CCCF332}.Debug|x64.Build.0 = Debug|x64
		{673E848B-F623-4678-9557-70A64CCCF332}.Debug|x86.ActiveCfg = Debug|Win32
		{673E848B-F623-4678-9557-70A64CCCF332}.Debug|x86.Build.0 = Debug|Win32
		{673E848B-F623-4678-9557-70A64CCCF332}.Release|x64.ActiveCfg = Release|x64
		{673E848B-F623-4678-9557-70A64CCCF332}.Release|x64.Build.0 = Release|x64
		{673E848B-F623-4678-9557-70A64CCCF332}.Release|x86.ActiveCfg = Release|Win32
		{673E848B-F623-4678-9557-70A64CCCF332}.Release|x86.Build.0 = Release|Win32
		{F7506965-CC94-41EE-BB1F-CDA6B08BD89F}.Debug|x64.ActiveCfg = Debug|x64
		{F7506965-CC94-41EE-BB1F-CDA6B08BD89F}.Debug|x64.Build.0 = Debug|x64
		{F7506965-CC94-41EE-BB1F-CDA6B08BD89F}.Debug|x86.ActiveCfg = Debug|Win32
		{F7506965-CC94-41EE-BB1F-CDA6B08BD89F}.Debug|x86.Build.0 = Debug|Win32
		{F7506965-CC94-41EE-BB1F-CDA6B08BD89F}.Release|x64.ActiveCfg = Release|x64
		{F7506965-CC94-41EE-BB1F-CDA6B08BD89F}.Release|x64.Build.0 = Release|x64
		{F7506965-CC94-41EE-BB1F-CDA6B08BD89F}.Release|x86.ActiveCfg = Release|Win32
		{F7506965-CC94-41EE-BB1F-CDA6B08BD89F}.Release|x86.Build.0 = Release|Win32
		{E47C4772-CB9B-4504-872C-A7EF05461FD1}.Debug|x64.ActiveCfg = Debug|x64
		{E47C4772-CB9B-4504-872C-A7EF05461FD1}.Debug|x64.Build.0 = Debug|x64
		{E47C4772-CB9B-4504-872C-A7EF05461FD1}.Debug|x86.ActiveCfg = Debug|Win32
		{E47C4772-CB9B-4504-872C-A7EF05461FD1}.Debug|x86.Build.0 = Debug|Win32
		{E47C4772-CB9B-4504-872C-A7EF05461FD1}.Release|x64.ActiveCfg = Release|x64
		{E47C4772-CB9B-4504-872C-A7EF05461FD1}.Release|x64.Build.0 = Release|x64
		{E47C4772-CB9B-4504-872C-A7EF05461FD1}.Release|x86.ActiveCfg = Release|Win32
		{E47C4772-CB9B-4504-872C-A7EF05461FD1}.Release|x86.Build.0 = Release|Win32
		{E87E509C-629D-46B7-8D4B-9B7A6C891644}.Debug|x64.ActiveCfg = Debug|x64
		{E87E509C-629D-46B7-8D4B-9B7A6C891644}.Debug|x64.Build.0 = Debug|x64
		{E87E509C-629D-46B7-8D4B-9B7A6C891644}.Debug|x86.ActiveCfg = Debug|Win32
		{E87E509C-629D-46B7-8D4B-9B7A6C891644}.Debug|x86.Build.0 = Debug|Win32
		{E87E509C-629D-46B7-8D4B-9B7A6C891644}.Release|x64.ActiveCfg = Release|x64
		{E87E509C-629D-46B7-8D4B-9B7A6C891644}.Release|x64.Build.0 = Release|x64
		{E87E509C-629D-46B7-8D4B-9B7A6C891644}.Release|x86.ActiveCfg = Release|Win32
		{E87E509C-629D-46B7-8D4B-9B7A6C891644}.Release|x86.Build.0 = Release|Win32
		{74E9E73D-809A-4A68-8878-0CEE9F4E9757}.Debug|x64.ActiveCfg = Debug|x64
		{74E9E73D-809A-4A68-8878-0CEE9F4E9757}.Debug|x64.Build.0 = Debug|x64
		{74E9E73D-809A-4A68-8878-0CEE9F4E9757}.Debug|x86.ActiveCfg = Debug|Win32
		{74E9E73D-809A-4A68-8878-0CEE9F4E9757}.Debug|x86.Build.0 = Debug|Win32
		{74E9E73D-809A-4A68-8878-0CEE9F4E9757}.Release|x64.ActiveCfg = Release|x64
		{74E9E73D-809A-4A68-8878-0CEE9F4E9757}.Release|x64.Build.0 = Release|x64
		{74E9E73D-809A-4A68-8878-0CEE9F4E9757}.Release|x86.ActiveCfg = Release|Win32
		{74E9E73D-809A-4A68-8878-0CEE9F4E9757}.Release|x86.Build.0 = Release|Win32
		{549B69C9-0CA7-4885-A21F-542715C1131B}.Debug|x64.ActiveCfg = Debug|x64
		{549B69C9-0CA7-4885-A21F-542715C1131B}.Debug|x64.Build.0 = Debug|x64
		{549B69C9-0CA7-4885-A21F-542715C1131B}.Debug|x86.ActiveCfg = Debug|Win32
		{549B69C9-0CA7-4885-A21F-542715C1131B}.Debug|x86.Build.0 = Debug|Win32
		{549B69C9-0CA7-4885-A21F-542715C1131B}.Release|x64.ActiveCfg = Release|x64
		{549B69C9-0CA7-4885-A21F-542715C1131B}.Release|x64.Build.0 = Release|x64
		{549B69C9-0CA7-4885-A21F-542715C1131B}.Release|x86.ActiveCfg = Release|Win32
		{549B69C9-0CA7-4885-A21F-542715C1131B}.Release|x86.Build.0 = Release|Win32
		{E03EB2F6-19CB-4236-BFF4-A87798E2AF8C}.Debug|x64.ActiveCfg = Debug|x64
		{E03EB2F6-19CB-4236-BFF4-A87798E2AF8C}.Debug|x64.Build.0 = Debug|x64
		{E03EB2F6-19CB-4236-BFF4-A87798E2AF8C}.Debug|x86.ActiveCfg = Debug|Win32
		{E03EB2F6-19CB-4236-BFF4-A87798E2AF8C}.Debug|x86.Build.0 = Debug|Win32
		{E03EB2F6-19CB-4236-BFF4-A87798E2AF8C}.Release|x64.ActiveCfg = Release|x64
		{E03EB2F6-19CB-4236-BFF4-A87798E2AF8C}.Release|x64.Build.0 = Release|x64
		{E03EB2F6-19CB-4236-BFF4-A87798E2AF8C}.Release|x86.ActiveCfg = Release|Win32
		{E03EB2F6-19CB-4236-BFF4-A87798E2AF8C}.Release|x86.Build.0 = Release|Win32
		{1398AB25-DEDD-4653-BC73-B609338DCD5C}.Debug|x64.ActiveCfg = Debug|x64
		{1398AB25-DEDD-4653-BC73-B609338DCD5C}.Debug|x64.Build.0 = Debug|x64
		{1398AB25-DEDD-4653-BC73-B609338DCD5C}.Debug|x86.ActiveCfg = Debug|Win32
		{1398AB25-DEDD-4653-BC73-B609338DCD5C}.Debug|x86.Build.0 = Debug|Win32
		{1398AB25-DEDD-4653-BC73-B609338DCD5C}.Release|x64.ActiveCfg = Release|x64
		{1398AB25-DEDD-4653-BC73-B609338DCD5C}.Release|x64.Build.0 = Release|x64
		{1398AB25-DEDD-4653-BC73-B609338DCD5C}.Release|x86.ActiveCfg = Release|Win32
		{1398AB25-DEDD-4653-BC73-B609338DCD5C}.Release|x86.Build.0 = Release|Win32
		{71AA24F3-21AB-469D-BBB8-275BA7AEDF43}.Debug|x64.ActiveCfg = Debug|x64
		{71AA24F3-21AB-469D-BBB8-275BA7AEDF43}.Debug|x64.Build.0 = Debug|x64
		{71AA24F3-21AB-469D-BBB8-275BA7AEDF43}.Debug|x86.ActiveCfg = Debug|Win32
		{71AA24F3-21AB-469D-BBB8-275BA7AEDF43}.Debug|x86.Build.0 = Debug|Win32
		{71AA24F3-21AB-469D-BBB8-275BA7AEDF43}.Release|x64.ActiveCfg = Release|x64
		{71AA24F3-21AB-469D-BBB8-275BA7AEDF43}.Release|x64.Build.0 = Release|x64
		{71AA24F3-21AB-469D-BBB8-275BA7AEDF43}.Release|x86.ActiveCfg = Release|Win32
		{71AA24F3-21AB-469D-BBB8-275BA7AEDF43}.Release|x86.Build.0 = Release|Win32
		{31AB2C0C-C00D-42AC-AC15-422AD91AB407}.Debug|x64.ActiveCfg = Debug|x64
		{31AB2C0C-C00D-42AC-AC15-422AD91AB407}.Debug|x64.Build.0 = Debug|x64
		{31AB2C0C-C00D-42AC-AC15-422AD91AB407}.Debug|x86.ActiveCfg = Debug|Win32
		{31AB2C0C-C00D-42AC-AC15-422AD91AB407}.Debug|x86.Build.0 = Debug|Win32
		{31AB2C0C-C00D-42AC-AC15-422AD91AB407}.Release|x64.ActiveCfg = Release|x64
		{31AB2C0C-C00D-42AC-AC15-422AD91AB407}.Release|x64.Build.0 = Release|x64
		{31AB2C0C-C00D-42AC-AC15-422AD91AB407}.Release|x86.ActiveCfg = Release|Win32
		{31AB2C0C-C00D-42AC-AC15-422AD91AB407}.Release|x86.Build.0 = Release|Win32
		{A86E323C-C0AF-4ED8-B383-1E07E66173FF}.Debug|x64.ActiveCfg = Debug|x64
		{A86E323C-C0AF-4ED8-B383-1E07E66173FF}.Debug|x64.Build.0 = Debug|x64
		{A86E323C-C0AF-4ED8-B383-1E07E66173FF}.Debug|x86.ActiveCfg = Debug|Win32
		{A86E323C-C0AF-4ED8-B383-1E07E66173FF}.Debug|x86.Build.0 = Debug|Win32
		{A86E323C-C0AF-4ED8-B383-1E07E66173FF}.Release|x64.ActiveCfg = Release|x64
		{A86E323C-C0AF-4ED8-B383-1E07E66173FF}.Release|x64.Build.0 = Release|x64
		{A86E323C-C0AF-4ED8-B383-1E07E66173FF}.Release|x86.ActiveCfg = Release|Win32
		{A86E323C-C0AF-4ED8-B383-1E07E66173FF}.Release|x86.Build.0 = Release|Win32
		{6954AA6B-3D0C-4674-B2E9-5DF6EA807310}.Debug|x64.ActiveCfg = Debug|x64
		{6954AA6B-3D0C-4674-B2E9-5DF6EA807310}.Debug|x64.Build.0 = Debug|x64
		{6954AA6B-3D0C-4674-B2E9-5DF6EA807310}.Debug|x86.ActiveCfg = Debug|Win32
		{6954AA6B-3D0C-4674-B2E9-5DF6EA807310}.Debug|x86.Build.0 = Debug|Win32
		{6954AA6B-3D0C-4674-B2E9-5DF6EA807310}.Release|x64.ActiveCfg = Release|x64
		{6954AA6B-3D0C-4674-B2E9-5DF6EA807310}.Release|x64.Build.0 = Release|x64
		{6954AA6B-3D0C-4674-B2E9-5DF6EA807310}.Release|x86.ActiveCfg = Release|Win32
		{6954AA6B-3D0C-4674-B2E9-5DF6EA807310}.Release|x86.Build.0 = Release|Win32
		{DAAF3E59-4EE6-479F-B914-CEAE4178563D}.Debug|x64.ActiveCfg = Debug|x64
		{DAAF3E59-4EE6-479F-B914-CEAE4178563D}.Debug|x64.Build.0 = Debug|x64
		{DAAF3E59-4EE6-479F-B914-CEAE4178563D}.Debug|x86.ActiveCfg = Debug|Win32
		{DAAF3E59-4EE6-479F-B914-CEAE4178563D}.Debug|x86.Build.0 = Debug|Win32
		{DAAF3E59-4EE6-479F-B914-CEAE4178563D}.Release|x64.ActiveCfg = Release|x64
		{DAAF3E59-4EE6-479F-B914-CEAE4178563D}.Release|x64.Build.0 = Release|x64
		{DAAF3E59-4EE6-479F-B914-CEAE4178563D}.Release|x86.ActiveCfg = Release|Win32
		{DAAF3E59-4EE6-479F-B914-CEAE4178563D}.Release|x86.Build.0 = Release|Win32
		{57146C43-B585-45E5-B38D-1920F9740D60}.Debug|x64.ActiveCfg = Debug|x64
		{57146C43-B585-45E5-B38D-1920F9740D60}.Debug|x64.Build.0 = Debug|x64
		{57146C43-B585-45E5-B38D-1920F9740D60}.Debug|x86.ActiveCfg = Debug|Win32
		{57146C43-B585-45E5-B38D-1920F9740D60}.Debug|x86.Build.0 = Debug|Win32
		{57146C43-B585-45E5-B38D-1920F9740D60}.Release|x64.ActiveCfg = Release|x64
		{57146C43-B585-45E5-B38D-1920F9740D60}.Release|x64.Build.0 = Release|x64
		{57146C43-B585-45E5-B38D-1920F9740D60}.Release|x86.ActiveCfg = Release|Win32
		{57146C43-B585-45E5-B38D-1920F9740D60}.Release|x86.Build.0 = Release|Win32
		{BDD4508C-7EBF-43E3-B4C4-D54B3A2C52E9}.Debug|x64.ActiveCfg = Debug|x64
		{BDD4508C-7EBF-43E3-B4C4-D54B3A2C52E9}.Debug|x64.Build.0 = Debug|x64
		{BDD4508C-7EBF-43E3-B4C4-D54B3A2C52E9}.Debug|x86.ActiveCfg = Debug|Win32
		{BDD4508C-7EBF-43E3-B4C4-D54B3A2C52E9}.Debug|x86.Build.0 = Debug|Win32
		{BDD4508C-7EBF-43E3-B4C4-D54B3A2C52E9}.Release|x64.ActiveCfg = Release|x64
		{BDD4508C-7EBF-43E3-B4C4-D54B3A2C52E9}.Release|x64.Build.0 = Release|x64
		{BDD4508C-7EBF-43E3-B4C4-D54B3A2C52E9}.Release|x86.ActiveCfg = Release|Win32
		{BDD4508C-7EBF-43E3-B4C4-D54B3A2C52E9}.Release|x86.Build.0 = Release|Win32
		{E28FD8C7-6928-44CF-B70E-A24F02B2E294}.Debug|x64.ActiveCfg = Debug|x64
		{E28FD8C7-6928-44CF-B70E-A24F02B2E294}.Debug|x64.Build.0 = Debug|x64
		{E28FD8C7-6928-44CF-B70E-A24F02B2E294}.Debug|x86.ActiveCfg = Debug|Win32
		{E28FD8C7-6928-44CF-B70E-A24F02B2E294}.Debug|x86.Build.0 = Debug|Win32
		{E28FD8C7-6928-44CF-B70E-A24F02B2E294}.Release|x64.ActiveCfg = Release|x64
		{E28FD8C7-6928-44CF-B70E-A24F02B2E294}.Release|x64.Build.0 = Release|x64
		{E28FD8C7-6928-44CF-B70E-A24F02B2E294}.Release|x86.ActiveCfg = Release|Win32
		{E28FD8C7-6928-44CF-B70E-A24F02B2E294}.Release|x86.Build.0 = Release|Win32
		{06BF2CE2-97BD-498B-86A0-3D1F098A52E4}.Debug|x64.ActiveCfg = Debug|x64
		{06BF2CE2-97BD-498B-86A0-3D1F098A52E4}.Debug|x64.Build.0 = Debug|x64
		{06BF2CE2-97BD-498B-86A0-3D1F098A52E4}.Debug|x86.ActiveCfg = Debug|Win32
		{06BF2CE2-97BD-498B-86A0-3D1F098A52E4}.Debug|x86.Build.0 = Debug|Win32
		{06BF2CE2-97BD-498B-86A0-3D1F098A52E4}.Release|x64.ActiveCfg = Release|x64
		{06BF2CE2-97BD-498B-86A0-3D1F098A52E4}.Release|x64.Build.0 = Release|x64
		{06BF2CE2-97BD-498B-86A0-3D1F098A52E4}.Release|x86.ActiveCfg = Release|Win32
		{06BF2CE2-97BD-498B-86A0-3D1F098A52E4}.Release|x86.Build.0 = Release|Win32
		{E0637841-1D1C-4CF4-B0D9-33C0AF94F3B3}.Debug|x64.ActiveCfg = Debug|x64
		{E0637841-1D1C-4CF4-B0D9-33C0AF94F3B3}.Debug|x64.Build.0 = Debug|x64
		{E0637841-1D1C-4CF4-B0D9-33C0AF94F3B3}.Debug|x86.ActiveCfg = Debug|Win32
		{E0637841-1D1C-4CF4-B0D9-33C0AF94F3B3}.Debug|x86.Build.0 = Debug|Win32
		{E0637841-1D1C-4CF4-B0D9-33C0AF94F3B3}.Release|x64.ActiveCfg = Release|x64
		{E0637841-1D1C-4CF4-B0D9-33C0AF94F3B3}.Release|x64.Build.0 = Release|x64
		{E0637841-1D1C-4CF4-B0D9-33C0AF94F3B3}.Release|x86.ActiveCfg = Release|Win32
		{E0637841-1D1C-4CF4-B0D9-33C0AF94F3B3}.Release|x86.Build.0 = Release|Win32
		{1A04080E-5894-48D7-AB5F-51A0D4FBB285}.Debug|x64.ActiveCfg = Debug|x64
		{1A04080E-5894-48D7-AB5F-51A0D4FBB285}.Debug|x64.Build.0 = Debug|x64
		{1A04080E-5894-48D7-AB5F-51A0D4FBB285}.Debug|x86.ActiveCfg = Debug|Win32
		{1A04080E-5894-48D7-AB5F-51A0D4FBB285}.Debug|x86.Build.0 = Debug|Win32
		{1A04080E-5894-48D7-AB5F-51A0D4FBB285}.Release|x64.ActiveCfg = Release|x64
		{1A04080E-5894-48D7-AB5F-51A0D4FBB285}.Release|x64.Build.0 = Release|x64
		{1A04080E-5894-48D7-AB5F-51A0D4FBB285}.Release|x86.ActiveCfg = Release|Win32
		{1A04080E-5894-48D7-AB5F-51A0D4FBB285}.Release|x86.Build.0 = Release|Win32
		{5FC07109-44BC-4C3D-B2A2-5E9C03D27759}.Debug|x64.ActiveCfg = Debug|x64
		{5FC07109-44BC-4C3D-B2A2-5E9C03D27759}.Debug|x64.Build.0 = Debug|x64
		{5FC07109-44BC-4C3D-B2A2-5E9C03D27759}.Debug|x86.ActiveCfg = Debug|Win32
		{5FC07109-44BC-4C3D-B2A2-5E9C03D27759}.Debug|x86.Build.0 = Debug|Win32
		{5FC07109-44BC-4C3D-B2A2-5E9C03D27759}.Release|x64.ActiveCfg = Release|x64
		{5FC07109-44BC-4C3D-B2A2-5E9C03D27759}.Release|x64.Build.0 = Release|x64
		{5FC07109-44BC-4C3D-B2A2-5E9C03D27759}.Release|x86.ActiveCfg = Release|Win32
		{5FC07109-44BC-4C3D-B2A2-5E9C03D27759}.Release|x86.Build.0 = Release|Win32
		{CDEC4D43-DF5E-4A82-BD07-D9F1ABABCD47}.Debug|x64.ActiveCfg = Debug|x64
		{CDEC4D43-DF5E-4A82-BD07-D9F1ABABCD47}.Debug|x64.Build.0 = Debug|x64
		{CDEC4D43-DF5E-4A82-BD07-D9F1ABABCD47}.Debug|x86.ActiveCfg = Debug|Win32
		{CDEC4D43-DF5E-4A82-BD07-D9F1ABABCD47}.Debug|x86.Build.0 = Debug|Win32
		{CDEC4D43-DF5E-4A82-BD07-D9F1ABABCD47}.Release|x64.ActiveCfg = Release|x64
		{CDEC4D43-DF5E-4A82-BD07-D9F1ABABCD47}.Release|x64.Build.0 = Release|x64
		{CDEC4D43-DF5E-4A82-BD07-D9F1ABABCD47}.Release|x86.ActiveCfg = Release|Win32
		{CDEC4D43-DF5E-4A82-BD07-D9F1ABABCD47}.Release|x86.Build.0 = Release|Win32
		{FC3F42EA-3DA4-4DD4-99CF-73E4F39B95C4}.Debug|x64.ActiveCfg = Debug|x64
		{FC3F42EA-3DA4-4DD4-99CF-73E4F39B95C4}.Debug|x64.Build.0 = Debug|x64
		{FC3F42EA-3DA4-4DD4-99CF-73E4F39B95C4}.Debug|x86.ActiveCfg = Debug|Win32
		{FC3F42EA-3DA4-4DD4-99CF-73E4F39B95C4}.Debug|x86.Build.0 = Debug|Win32
		{FC3F42EA-3DA4-4DD4-99CF-73E4F39B95C4}.Release|x64.ActiveCfg = Release|x64
		{FC3F42EA-3DA4-4DD4-99CF-73E4F39B95C4}.Release|x64.Build.0 = Release|x64
		{FC3F42EA-3DA4-4DD4-99CF-73E4F39B95C4}.Release|x86.ActiveCfg = Release|Win32
		{FC3F42EA-3DA4-4DD4-99CF-73E4F39B95C4}.Release|x86.Build.0 = Release|Win32
		{D247D880-3336-4E05-9789-BDEB081E396E}.Debug|x64.ActiveCfg = Debug|x64
		{D247D880-3336-4E05-9789-BDEB081E396E}.Debug|x64.Build.0 = Debug|x64
		{D247D880-3336-4E05-9789-BDEB081E396E}.Debug|x86.ActiveCfg = Debug|Win32
		{D247D880-3336-4E05-9789-BDEB081E396E}.Debug|x86.Build.0 = Debug|Win32
		{D247D880-3336-4E05-9789-BDEB081E396E}.Release|x64.ActiveCfg = Release|x64
		{D247D880-3336-4E05-9789-BDEB081E396E}.Release|x64.Build.0 = Release|x64
		{D247D880-3336-4E05-9789-BDEB081E396E}.Release|x86.ActiveCfg = Release|Win32
		{D247D880-3336-4E05-9789-BDEB081E396E}.Release|x86.Build.0 = Release|Win32
		{8ADDC397-5DDC-458F-A309-0FF666C68E65}.Debug|x64.ActiveCfg = Debug|x64
		{8ADDC397-5DDC-458F-A309-0FF666C68E65}.Debug|x64.Build.0 = Debug|x64
		{8ADDC397-5DDC-458F-A309-0FF666C68E65}.Debug|x86.ActiveCfg = Debug|Win32
		{8ADDC397-5DDC-458F-A309-0FF666C68E65}.Debug|x86.Build.0 = Debug|Win32
		{8ADDC397-5DDC-458F-A309-0FF666C68E65}.Release|x64.ActiveCfg = Release|x64
		{8ADDC397-5DDC-458F-A309-0FF666C68E65}.Release|x64.Build.0 = Release|x64
		{8ADDC397-5DDC-458F-A309-0FF666C68E65}.Release|x86.ActiveCfg = Release|Win32
		{8ADDC397-5DDC-458F-A309-0FF666C68E65}.Release|x86.Build.0 = Release|Win32
		{F683196E-39C2-4269-8789-358D9AD8E1BC}.Debug|x64.ActiveCfg = Debug|x64
		{F683196E-39C2-4269-8789-358D9AD8E1BC}.Debug|x64.Build.0 = Debug|x64
		{F683196E-39C2-4269-8789-358D9AD8E1BC}.Debug|x86.ActiveCfg = Debug|Win32
		{F683196E-39C2-4269-8789-358D9AD8E1BC}.Debug|x86.Build.0 = Debug|Win32
		{F683196E-39C2-4269-8789-358D9AD8E1BC}.Release|x64.ActiveCfg = Release|x64
		{F683196E-39C2-4269-8789-358D9AD8E1BC}.Release|x64.Build.0 = Release|x64
		{F683196E-39C2-4269-8789-358D9AD8E1BC}.Release|x86.ActiveCfg = Release|Win32
		{F683196E-39C2-4269-8789-358D9AD8E1BC}.Release|x86.Build.0 = Release|Win32
		{CE9D3B36-B3EE-4CB8-ABAD-96F96E0C1902}.Debug|x64.ActiveCfg = Debug|x64
		{CE9D3B36-B3EE-4CB8-ABAD-96F96E0C1902}.Debug|x64.Build.0 = Debug|x64
		{CE9D3B36-B3EE-4CB8-ABAD-96F96E0C1902}.Debug|x86.ActiveCfg = Debug|Win32
		{CE9D3B36-B3EE-4CB8-ABAD-96F96E0C1902}.Debug|x86.Build.0 = Debug|Win32
		{CE9D3B36-B3EE-4CB8-ABAD-96F96E0C1902}.Release|x64.ActiveCfg = Release|x64
		{CE9D3B36-B3EE-4CB8-ABAD-96F96E0C1902}.Release|x64.Build.0 = Release|x64
		{CE9D3B36-B3EE-4CB8-ABAD-96F96E0C1902}.Release|x86.ActiveCfg = Release|Win32
		{CE9D3B36-B3EE-4CB8-ABAD-96F96E0C1902}.Release|x86.Build.0 = Release|Win32
		{DFBFDC19-CA16-4163-B92C-DC9927BBA8CD}.Debug|x64.ActiveCfg = Debug|x64
		{DFBFDC19-CA16-4163-B92C-DC9927BBA8CD}.Debug|x64.Build.0 = Debug|x64
		{DFBFDC19-CA16-4163-B92C-DC9927BBA8CD}.Debug|x86.ActiveCfg = Debug|Win32
		{DFBFDC19-CA16-4163-B92C-DC9927BBA8CD}.Debug|x86.Build.0 = Debug|Win32
		{DFBFDC19-CA16-4163-B92C-DC9927BBA8CD}.Release|x64.ActiveCfg = Release|x64
		{DFBFDC19-CA16-4163-B92C-DC9927BBA8CD}.Release|x64.Build.0 = Release|x64
		{DFBFDC19-CA16-4163-B92C-DC9927BBA8CD}.Release|x86.ActiveCfg = Release|Win32
		{DFBFDC19-CA16-4163-B92C-DC9927BBA8CD}.Release|x86.Build.0 = Release|Win32
		{A57A328E-2C52-4363-BB16-54D474348654}.Debug|x64.ActiveCfg = Debug|x64
		{A57A328E-2C52-4363-BB16-54D474348654}.Debug|x64.Build.0 = Debug|x64
		{A57A328E-2C52-4363-BB16-54D474348654}.Debug|x86.ActiveCfg = Debug|Win32
		{A57A328E-2C52-4363-BB16-54D474348654}.Debug|x86.Build.0 = Debug|Win32
		{A57A328E-2C52-4363-BB16-54D474348654}.Release|x64.ActiveCfg = Release|x64
		{A57A328E-2C52-4363-BB16-54D474348654}.Release|x64.Build.0 = Release|x64
		{A57A328E-2C52-4363-BB16-54D474348654}.Release|x86.ActiveCfg = Release|Win32
		{A57A328E-2C52-4363-BB16-54D474348654}.Release|x86.Build.0 = Release|Win32
	EndGlobalSection
	GlobalSection(SolutionProperties) = preSolution
		HideSolutionNode = FALSE
	EndGlobalSection
	GlobalSection(ExtensibilityGlobals) = postSolution
		SolutionGuid = {A9866CC5-4942-4A73-BB20-0C609EF639FC}
	EndGlobalSection
EndGlobal
